
Microsoft Visual Studio Solution File, Format Version 12.00
# Visual Studio Version 16
VisualStudioVersion = 16.0.30413.136
MinimumVisualStudioVersion = 10.0.40219.1
Project("{FAE04EC0-301F-11D3-BF4B-00C04F79EFBC}") = "WordSplitter", "WordSplitter.csproj", "{3EEC39B1-927F-4BEF-89C6-F4BEECD7623B}"
EndProject
Project("{54435603-DBB4-11D2-8724-00A0C9A8B90C}") = "Setup", "..\Setup\Setup.vdproj", "{84C8A8B5-D185-4187-BD9C-00B9DD811C36}"
EndProject
Global
	GlobalSection(SolutionConfigurationPlatforms) = preSolution
		Debug|Any CPU = Debug|Any CPU
		Release|Any CPU = Release|Any CPU
	EndGlobalSection
	GlobalSection(ProjectConfigurationPlatforms) = postSolution
		{3EEC39B1-927F-4BEF-89C6-F4BEECD7623B}.Debug|Any CPU.ActiveCfg = Debug|Any CPU
		{3EEC39B1-927F-4BEF-89C6-F4BEECD7623B}.Debug|Any CPU.Build.0 = Debug|Any CPU
		{3EEC39B1-927F-4BEF-89C6-F4BEECD7623B}.Release|Any CPU.ActiveCfg = Release|Any CPU
		{3EEC39B1-927F-4BEF-89C6-F4BEECD7623B}.Release|Any CPU.Build.0 = Release|Any CPU
		{84C8A8B5-D185-4187-BD9C-00B9DD811C36}.Debug|Any CPU.ActiveCfg = Debug
		{84C8A8B5-D185-4187-BD9C-00B9DD811C36}.Release|Any CPU.ActiveCfg = Release
	EndGlobalSection
	GlobalSection(SolutionProperties) = preSolution
		HideSolutionNode = FALSE
	EndGlobalSection
	GlobalSection(ExtensibilityGlobals) = postSolution
		SolutionGuid = {88E25B39-A22B-4A97-84F6-1E4F62809CB5}
	EndGlobalSection
EndGlobal
